
Microsoft Visual Studio Solution File, Format Version 12.00
# Visual Studio Version 17
VisualStudioVersion = 17.5.002.0
MinimumVisualStudioVersion = 10.0.40219.1
Project("{9A19103F-16F7-4668-BE54-9A1E7A4F7556}") = "daroca-backend", "daroca-backend.csproj", "{9EF3A25D-F887-49EA-A18F-1796803A2C86}"
EndProject
Global
	GlobalSection(SolutionConfigurationPlatforms) = preSolution
		Debug|Any CPU = Debug|Any CPU
		Release|Any CPU = Release|Any CPU
	EndGlobalSection
	GlobalSection(ProjectConfigurationPlatforms) = postSolution
		{9EF3A25D-F887-49EA-A18F-1796803A2C86}.Debug|Any CPU.ActiveCfg = Debug|Any CPU
		{9EF3A25D-F887-49EA-A18F-1796803A2C86}.Debug|Any CPU.Build.0 = Debug|Any CPU
		{9EF3A25D-F887-49EA-A18F-1796803A2C86}.Release|Any CPU.ActiveCfg = Release|Any CPU
		{9EF3A25D-F887-49EA-A18F-1796803A2C86}.Release|Any CPU.Build.0 = Release|Any CPU
	EndGlobalSection
	GlobalSection(SolutionProperties) = preSolution
		HideSolutionNode = FALSE
	EndGlobalSection
	GlobalSection(ExtensibilityGlobals) = postSolution
		SolutionGuid = {AFF9399F-FA91-4FBA-858D-B0C68A804FE3}
	EndGlobalSection
EndGlobal
